
Microsoft Visual Studio Solution File, Format Version 12.00
# Visual Studio Version 16
VisualStudioVersion = 16.0.29215.179
MinimumVisualStudioVersion = 10.0.40219.1
Project("{8BC9CEB8-8B4A-11D0-8D11-00A0C91BC942}") = "Memory manager", "Memory manager\Memory manager.vcxproj", "{F3866792-1CFF-42A8-A348-98986697A652}"
EndProject
Global
	GlobalSection(SolutionConfigurationPlatforms) = preSolution
		Debug|x64 = Debug|x64
		Debug|x86 = Debug|x86
		Release|x64 = Release|x64
		Release|x86 = Release|x86
	EndGlobalSection
	GlobalSection(ProjectConfigurationPlatforms) = postSolution
		{F3866792-1CFF-42A8-A348-98986697A652}.Debug|x64.ActiveCfg = Debug|x64
		{F3866792-1CFF-42A8-A348-98986697A652}.Debug|x64.Build.0 = Debug|x64
		{F3866792-1CFF-42A8-A348-98986697A652}.Debug|x86.ActiveCfg = Debug|Win32
		{F3866792-1CFF-42A8-A348-98986697A652}.Debug|x86.Build.0 = Debug|Win32
		{F3866792-1CFF-42A8-A348-98986697A652}.Release|x64.ActiveCfg = Release|x64
		{F3866792-1CFF-42A8-A348-98986697A652}.Release|x64.Build.0 = Release|x64
		{F3866792-1CFF-42A8-A348-98986697A652}.Release|x86.ActiveCfg = Release|Win32
		{F3866792-1CFF-42A8-A348-98986697A652}.Release|x86.Build.0 = Release|Win32
	EndGlobalSection
	GlobalSection(SolutionProperties) = preSolution
		HideSolutionNode = FALSE
	EndGlobalSection
	GlobalSection(ExtensibilityGlobals) = postSolution
		SolutionGuid = {62704923-6D3A-4D51-B481-004F5693E4A0}
	EndGlobalSection
EndGlobal
